
Microsoft Visual Studio Solution File, Format Version 12.00
# Visual Studio Version 17
VisualStudioVersion = 17.0.31903.59
MinimumVisualStudioVersion = 10.0.40219.1
Project("{FAE04EC0-301F-11D3-BF4B-00C04F79EFBC}") = "Api", "main\Api\Api.csproj", "{6AC4493C-3625-42CC-8674-4565936F824F}"
EndProject
Project("{2150E333-8FDC-42A3-9474-1A3956D46DE8}") = "SolutionItems", "SolutionItems", "{2FB36637-D019-47A7-8E00-B11FB572D0D8}"
	ProjectSection(SolutionItems) = preProject
		.editorconfig = .editorconfig
		global.json = global.json
		..\.gitignore = ..\.gitignore
		Directory.Build.props = Directory.Build.props
		BannedSymbols.txt = BannedSymbols.txt
		nuget.config = nuget.config
		AssemblyInfo.cs = AssemblyInfo.cs
		Directory.Packages.props = Directory.Packages.props
		..\LICENSE = ..\LICENSE
		..\.gitattributes = ..\.gitattributes
	EndProjectSection
EndProject
Project("{2150E333-8FDC-42A3-9474-1A3956D46DE8}") = "docker", "docker", "{D169AF26-FB04-418D-A804-6BFBF6B99227}"
	ProjectSection(SolutionItems) = preProject
		..\infra\docker\docker-compose.yml = ..\infra\docker\docker-compose.yml
		Dockerfile = Dockerfile
		.dockerignore = .dockerignore
		..\infra\docker\.env = ..\infra\docker\.env
	EndProjectSection
EndProject
Project("{2150E333-8FDC-42A3-9474-1A3956D46DE8}") = "src", "src", "{E22E63C9-5B06-46D6-BC65-BAE2B80B008E}"
EndProject
Project("{2150E333-8FDC-42A3-9474-1A3956D46DE8}") = "infra", "infra", "{8D982DCA-57A5-480D-975F-58B5CE27D2D1}"
EndProject
Project("{2150E333-8FDC-42A3-9474-1A3956D46DE8}") = "traefik", "traefik", "{EC1B3703-06ED-43F4-8446-7A5A7CCCC1D7}"
	ProjectSection(SolutionItems) = preProject
		..\infra\docker\traefik\conf.yml = ..\infra\docker\traefik\conf.yml
	EndProjectSection
EndProject
Project("{FAE04EC0-301F-11D3-BF4B-00C04F79EFBC}") = "Contracts", "main\Contracts\Contracts.csproj", "{7D2DF95D-B4C2-43DE-AB20-4674E8985EE8}"
EndProject
Project("{FAE04EC0-301F-11D3-BF4B-00C04F79EFBC}") = "Application", "main\Application\Application.csproj", "{F228DDE7-05EB-46FB-8659-24C043BEA556}"
EndProject
Project("{FAE04EC0-301F-11D3-BF4B-00C04F79EFBC}") = "Domain", "main\Domain\Domain.csproj", "{D25C6D08-6C53-4ACB-8E55-53C1441EB3CC}"
EndProject
Project("{FAE04EC0-301F-11D3-BF4B-00C04F79EFBC}") = "Infrastructure", "main\Infrastructure\Infrastructure.csproj", "{0F43B571-B276-42FA-8FFF-1D17F3B322BC}"
EndProject
Project("{2150E333-8FDC-42A3-9474-1A3956D46DE8}") = "tests", "tests", "{F26071A0-6397-45D4-82A6-E01303AB02AC}"
	ProjectSection(SolutionItems) = preProject
		..\tests\k6-run.sh = ..\tests\k6-run.sh
		..\tests\k6.env = ..\tests\k6.env
		..\tests\data.json = ..\tests\data.json
		..\tests\scenarios\util.js = ..\tests\scenarios\util.js
		..\tests\test-grpc.js = ..\tests\test-grpc.js
		..\tests\test-rest.js = ..\tests\test-rest.js
	EndProjectSection
EndProject
Project("{2150E333-8FDC-42A3-9474-1A3956D46DE8}") = "prometheus", "prometheus", "{2D585A94-089C-41A3-BCFF-361E0DF43EFC}"
	ProjectSection(SolutionItems) = preProject
		..\infra\docker\prometheus\prometheus-config.yml = ..\infra\docker\prometheus\prometheus-config.yml
	EndProjectSection
EndProject
Global
	GlobalSection(SolutionConfigurationPlatforms) = preSolution
		Debug|Any CPU = Debug|Any CPU
		Release|Any CPU = Release|Any CPU
	EndGlobalSection
	GlobalSection(SolutionProperties) = preSolution
		HideSolutionNode = FALSE
	EndGlobalSection
	GlobalSection(ProjectConfigurationPlatforms) = postSolution
		{6AC4493C-3625-42CC-8674-4565936F824F}.Debug|Any CPU.ActiveCfg = Debug|Any CPU
		{6AC4493C-3625-42CC-8674-4565936F824F}.Debug|Any CPU.Build.0 = Debug|Any CPU
		{6AC4493C-3625-42CC-8674-4565936F824F}.Release|Any CPU.ActiveCfg = Release|Any CPU
		{6AC4493C-3625-42CC-8674-4565936F824F}.Release|Any CPU.Build.0 = Release|Any CPU
		{7D2DF95D-B4C2-43DE-AB20-4674E8985EE8}.Debug|Any CPU.ActiveCfg = Debug|Any CPU
		{7D2DF95D-B4C2-43DE-AB20-4674E8985EE8}.Debug|Any CPU.Build.0 = Debug|Any CPU
		{7D2DF95D-B4C2-43DE-AB20-4674E8985EE8}.Release|Any CPU.ActiveCfg = Release|Any CPU
		{7D2DF95D-B4C2-43DE-AB20-4674E8985EE8}.Release|Any CPU.Build.0 = Release|Any CPU
		{F228DDE7-05EB-46FB-8659-24C043BEA556}.Debug|Any CPU.ActiveCfg = Debug|Any CPU
		{F228DDE7-05EB-46FB-8659-24C043BEA556}.Debug|Any CPU.Build.0 = Debug|Any CPU
		{F228DDE7-05EB-46FB-8659-24C043BEA556}.Release|Any CPU.ActiveCfg = Release|Any CPU
		{F228DDE7-05EB-46FB-8659-24C043BEA556}.Release|Any CPU.Build.0 = Release|Any CPU
		{D25C6D08-6C53-4ACB-8E55-53C1441EB3CC}.Debug|Any CPU.ActiveCfg = Debug|Any CPU
		{D25C6D08-6C53-4ACB-8E55-53C1441EB3CC}.Debug|Any CPU.Build.0 = Debug|Any CPU
		{D25C6D08-6C53-4ACB-8E55-53C1441EB3CC}.Release|Any CPU.ActiveCfg = Release|Any CPU
		{D25C6D08-6C53-4ACB-8E55-53C1441EB3CC}.Release|Any CPU.Build.0 = Release|Any CPU
		{0F43B571-B276-42FA-8FFF-1D17F3B322BC}.Debug|Any CPU.ActiveCfg = Debug|Any CPU
		{0F43B571-B276-42FA-8FFF-1D17F3B322BC}.Debug|Any CPU.Build.0 = Debug|Any CPU
		{0F43B571-B276-42FA-8FFF-1D17F3B322BC}.Release|Any CPU.ActiveCfg = Release|Any CPU
		{0F43B571-B276-42FA-8FFF-1D17F3B322BC}.Release|Any CPU.Build.0 = Release|Any CPU
	EndGlobalSection
	GlobalSection(NestedProjects) = preSolution
		{6AC4493C-3625-42CC-8674-4565936F824F} = {E22E63C9-5B06-46D6-BC65-BAE2B80B008E}
		{8D982DCA-57A5-480D-975F-58B5CE27D2D1} = {2FB36637-D019-47A7-8E00-B11FB572D0D8}
		{D169AF26-FB04-418D-A804-6BFBF6B99227} = {8D982DCA-57A5-480D-975F-58B5CE27D2D1}
		{EC1B3703-06ED-43F4-8446-7A5A7CCCC1D7} = {D169AF26-FB04-418D-A804-6BFBF6B99227}
		{7D2DF95D-B4C2-43DE-AB20-4674E8985EE8} = {E22E63C9-5B06-46D6-BC65-BAE2B80B008E}
		{F228DDE7-05EB-46FB-8659-24C043BEA556} = {E22E63C9-5B06-46D6-BC65-BAE2B80B008E}
		{D25C6D08-6C53-4ACB-8E55-53C1441EB3CC} = {E22E63C9-5B06-46D6-BC65-BAE2B80B008E}
		{0F43B571-B276-42FA-8FFF-1D17F3B322BC} = {E22E63C9-5B06-46D6-BC65-BAE2B80B008E}
		{F26071A0-6397-45D4-82A6-E01303AB02AC} = {2FB36637-D019-47A7-8E00-B11FB572D0D8}
		{2D585A94-089C-41A3-BCFF-361E0DF43EFC} = {D169AF26-FB04-418D-A804-6BFBF6B99227}
	EndGlobalSection
EndGlobal
